
Microsoft Visual Studio Solution File, Format Version 12.00
# Visual Studio Version 17
VisualStudioVersion = 17.5.002.0
MinimumVisualStudioVersion = 10.0.40219.1
Project("{9A19103F-16F7-4668-BE54-9A1E7A4F7556}") = "ConsoleAppTest", "ConsoleAppTest.csproj", "{B00CDD02-58A3-49F2-8365-AAACDB381F47}"
EndProject
Global
	GlobalSection(SolutionConfigurationPlatforms) = preSolution
		Debug|Any CPU = Debug|Any CPU
		Release|Any CPU = Release|Any CPU
	EndGlobalSection
	GlobalSection(ProjectConfigurationPlatforms) = postSolution
		{B00CDD02-58A3-49F2-8365-AAACDB381F47}.Debug|Any CPU.ActiveCfg = Debug|Any CPU
		{B00CDD02-58A3-49F2-8365-AAACDB381F47}.Debug|Any CPU.Build.0 = Debug|Any CPU
		{B00CDD02-58A3-49F2-8365-AAACDB381F47}.Release|Any CPU.ActiveCfg = Release|Any CPU
		{B00CDD02-58A3-49F2-8365-AAACDB381F47}.Release|Any CPU.Build.0 = Release|Any CPU
	EndGlobalSection
	GlobalSection(SolutionProperties) = preSolution
		HideSolutionNode = FALSE
	EndGlobalSection
	GlobalSection(ExtensibilityGlobals) = postSolution
		SolutionGuid = {294DE27B-1813-444E-9621-ABB91AF7CB26}
	EndGlobalSection
EndGlobal
