
Microsoft Visual Studio Solution File, Format Version 12.00
# Visual Studio Version 17
VisualStudioVersion = 17.5.002.0
MinimumVisualStudioVersion = 10.0.40219.1
Project("{9A19103F-16F7-4668-BE54-9A1E7A4F7556}") = "casting_types", "casting_types.csproj", "{4D6BE4D4-C85E-4F03-B4DB-C5724A2D6E03}"
EndProject
Global
	GlobalSection(SolutionConfigurationPlatforms) = preSolution
		Debug|Any CPU = Debug|Any CPU
		Release|Any CPU = Release|Any CPU
	EndGlobalSection
	GlobalSection(ProjectConfigurationPlatforms) = postSolution
		{4D6BE4D4-C85E-4F03-B4DB-C5724A2D6E03}.Debug|Any CPU.ActiveCfg = Debug|Any CPU
		{4D6BE4D4-C85E-4F03-B4DB-C5724A2D6E03}.Debug|Any CPU.Build.0 = Debug|Any CPU
		{4D6BE4D4-C85E-4F03-B4DB-C5724A2D6E03}.Release|Any CPU.ActiveCfg = Release|Any CPU
		{4D6BE4D4-C85E-4F03-B4DB-C5724A2D6E03}.Release|Any CPU.Build.0 = Release|Any CPU
	EndGlobalSection
	GlobalSection(SolutionProperties) = preSolution
		HideSolutionNode = FALSE
	EndGlobalSection
	GlobalSection(ExtensibilityGlobals) = postSolution
		SolutionGuid = {969FAF77-0FCD-4B8F-BFA3-3936212B3A55}
	EndGlobalSection
EndGlobal
