
Microsoft Visual Studio Solution File, Format Version 12.00
# Visual Studio Version 17
VisualStudioVersion = 17.5.002.0
MinimumVisualStudioVersion = 10.0.40219.1
Project("{9A19103F-16F7-4668-BE54-9A1E7A4F7556}") = "do-while_while_and_user_input_2", "do-while_while_and_user_input_2.csproj", "{391CBDC6-838F-4FCF-B7F8-4B5806782F3B}"
EndProject
Global
	GlobalSection(SolutionConfigurationPlatforms) = preSolution
		Debug|Any CPU = Debug|Any CPU
		Release|Any CPU = Release|Any CPU
	EndGlobalSection
	GlobalSection(ProjectConfigurationPlatforms) = postSolution
		{391CBDC6-838F-4FCF-B7F8-4B5806782F3B}.Debug|Any CPU.ActiveCfg = Debug|Any CPU
		{391CBDC6-838F-4FCF-B7F8-4B5806782F3B}.Debug|Any CPU.Build.0 = Debug|Any CPU
		{391CBDC6-838F-4FCF-B7F8-4B5806782F3B}.Release|Any CPU.ActiveCfg = Release|Any CPU
		{391CBDC6-838F-4FCF-B7F8-4B5806782F3B}.Release|Any CPU.Build.0 = Release|Any CPU
	EndGlobalSection
	GlobalSection(SolutionProperties) = preSolution
		HideSolutionNode = FALSE
	EndGlobalSection
	GlobalSection(ExtensibilityGlobals) = postSolution
		SolutionGuid = {765B0E65-22AE-4E6A-B84A-12EE5104902E}
	EndGlobalSection
EndGlobal
